// !$*UTF8*$!
{
	archiveVersion = 1;
	classes = {
	};
	objectVersion = 50;
	objects = {

/* Begin PBXBuildFile section */
		2411F6EA252CCB2A00586406 /* Operation.swift in Sources */ = {isa = PBXBuildFile; fileRef = 2411F6E9252CCB2A00586406 /* Operation.swift */; };
		AC11A19E25110EA3004527BD /* AppDelegate.swift in Sources */ = {isa = PBXBuildFile; fileRef = AC11A19D25110EA3004527BD /* AppDelegate.swift */; };
		AC11A1A025110EA3004527BD /* SceneDelegate.swift in Sources */ = {isa = PBXBuildFile; fileRef = AC11A19F25110EA3004527BD /* SceneDelegate.swift */; };
		AC11A1A225110EA3004527BD /* ViewController.swift in Sources */ = {isa = PBXBuildFile; fileRef = AC11A1A125110EA3004527BD /* ViewController.swift */; };
		AC11A1A525110EA3004527BD /* Main.storyboard in Resources */ = {isa = PBXBuildFile; fileRef = AC11A1A325110EA3004527BD /* Main.storyboard */; };
		AC11A1A725110EA4004527BD /* Assets.xcassets in Resources */ = {isa = PBXBuildFile; fileRef = AC11A1A625110EA4004527BD /* Assets.xcassets */; };
		AC11A1AA25110EA4004527BD /* LaunchScreen.storyboard in Resources */ = {isa = PBXBuildFile; fileRef = AC11A1A825110EA4004527BD /* LaunchScreen.storyboard */; };
		AC11A1B525110EA4004527BD /* CalculatorTests.swift in Sources */ = {isa = PBXBuildFile; fileRef = AC11A1B425110EA4004527BD /* CalculatorTests.swift */; };
		AC11A1C025110EA4004527BD /* CalculatorUITests.swift in Sources */ = {isa = PBXBuildFile; fileRef = AC11A1BF25110EA4004527BD /* CalculatorUITests.swift */; };
/* End PBXBuildFile section */

/* Begin PBXContainerItemProxy section */
		AC11A1B125110EA4004527BD /* PBXContainerItemProxy */ = {
			isa = PBXContainerItemProxy;
			containerPortal = AC11A19225110EA3004527BD /* Project object */;
			proxyType = 1;
			remoteGlobalIDString = AC11A19925110EA3004527BD;
			remoteInfo = Calculator;
		};
		AC11A1BC25110EA4004527BD /* PBXContainerItemProxy */ = {
			isa = PBXContainerItemProxy;
			containerPortal = AC11A19225110EA3004527BD /* Project object */;
			proxyType = 1;
			remoteGlobalIDString = AC11A19925110EA3004527BD;
			remoteInfo = Calculator;
		};
/* End PBXContainerItemProxy section */

/* Begin PBXFileReference section */
		2411F6E9252CCB2A00586406 /* Operation.swift */ = {isa = PBXFileReference; lastKnownFileType = sourcecode.swift; path = Operation.swift; sourceTree = "<group>"; };
		AC11A19A25110EA3004527BD /* Calculator.app */ = {isa = PBXFileReference; explicitFileType = wrapper.application; includeInIndex = 0; path = Calculator.app; sourceTree = BUILT_PRODUCTS_DIR; };
		AC11A19D25110EA3004527BD /* AppDelegate.swift */ = {isa = PBXFileReference; lastKnownFileType = sourcecode.swift; path = AppDelegate.swift; sourceTree = "<group>"; };
		AC11A19F25110EA3004527BD /* SceneDelegate.swift */ = {isa = PBXFileReference; lastKnownFileType = sourcecode.swift; path = SceneDelegate.swift; sourceTree = "<group>"; };
		AC11A1A125110EA3004527BD /* ViewController.swift */ = {isa = PBXFileReference; lastKnownFileType = sourcecode.swift; path = ViewController.swift; sourceTree = "<group>"; };
		AC11A1A425110EA3004527BD /* Base */ = {isa = PBXFileReference; lastKnownFileType = file.storyboard; name = Base; path = Base.lproj/Main.storyboard; sourceTree = "<group>"; };
		AC11A1A625110EA4004527BD /* Assets.xcassets */ = {isa = PBXFileReference; lastKnownFileType = folder.assetcatalog; path = Assets.xcassets; sourceTree = "<group>"; };
		AC11A1A925110EA4004527BD /* Base */ = {isa = PBXFileReference; lastKnownFileType = file.storyboard; name = Base; path = Base.lproj/LaunchScreen.storyboard; sourceTree = "<group>"; };
		AC11A1AB25110EA4004527BD /* Info.plist */ = {isa = PBXFileReference; lastKnownFileType = text.plist.xml; path = Info.plist; sourceTree = "<group>"; };
		AC11A1B025110EA4004527BD /* CalculatorTests.xctest */ = {isa = PBXFileReference; explicitFileType = wrapper.cfbundle; includeInIndex = 0; path = CalculatorTests.xctest; sourceTree = BUILT_PRODUCTS_DIR; };
		AC11A1B425110EA4004527BD /* CalculatorTests.swift */ = {isa = PBXFileReference; lastKnownFileType = sourcecode.swift; path = CalculatorTests.swift; sourceTree = "<group>"; };
		AC11A1B625110EA4004527BD /* Info.plist */ = {isa = PBXFileReference; lastKnownFileType = text.plist.xml; path = Info.plist; sourceTree = "<group>"; };
		AC11A1BB25110EA4004527BD /* CalculatorUITests.xctest */ = {isa = PBXFileReference; explicitFileType = wrapper.cfbundle; includeInIndex = 0; path = CalculatorUITests.xctest; sourceTree = BUILT_PRODUCTS_DIR; };
		AC11A1BF25110EA4004527BD /* CalculatorUITests.swift */ = {isa = PBXFileReference; lastKnownFileType = sourcecode.swift; path = CalculatorUITests.swift; sourceTree = "<group>"; };
		AC11A1C125110EA4004527BD /* Info.plist */ = {isa = PBXFileReference; lastKnownFileType = text.plist.xml; path = Info.plist; sourceTree = "<group>"; };
/* End PBXFileReference section */

/* Begin PBXFrameworksBuildPhase section */
		AC11A19725110EA3004527BD /* Frameworks */ = {
			isa = PBXFrameworksBuildPhase;
			buildActionMask = 2147483647;
			files = (
			);
			runOnlyForDeploymentPostprocessing = 0;
		};
		AC11A1AD25110EA4004527BD /* Frameworks */ = {
			isa = PBXFrameworksBuildPhase;
			buildActionMask = 2147483647;
			files = (
			);
			runOnlyForDeploymentPostprocessing = 0;
		};
		AC11A1B825110EA4004527BD /* Frameworks */ = {
			isa = PBXFrameworksBuildPhase;
			buildActionMask = 2147483647;
			files = (
			);
			runOnlyForDeploymentPostprocessing = 0;
		};
/* End PBXFrameworksBuildPhase section */

/* Begin PBXGroup section */
		AC11A19125110EA3004527BD = {
			isa = PBXGroup;
			children = (
				AC11A19C25110EA3004527BD /* Calculator */,
				AC11A1B325110EA4004527BD /* CalculatorTests */,
				AC11A1BE25110EA4004527BD /* CalculatorUITests */,
				AC11A19B25110EA3004527BD /* Products */,
			);
			sourceTree = "<group>";
		};
		AC11A19B25110EA3004527BD /* Products */ = {
			isa = PBXGroup;
			children = (
				AC11A19A25110EA3004527BD /* Calculator.app */,
				AC11A1B025110EA4004527BD /* CalculatorTests.xctest */,
				AC11A1BB25110EA4004527BD /* CalculatorUITests.xctest */,
			);
			name = Products;
			sourceTree = "<group>";
		};
		AC11A19C25110EA3004527BD /* Calculator */ = {
			isa = PBXGroup;
			children = (
				AC11A19D25110EA3004527BD /* AppDelegate.swift */,
				AC11A19F25110EA3004527BD /* SceneDelegate.swift */,
				AC11A1A125110EA3004527BD /* ViewController.swift */,
				2411F6E9252CCB2A00586406 /* Operation.swift */,
				AC11A1A325110EA3004527BD /* Main.storyboard */,
				AC11A1A625110EA4004527BD /* Assets.xcassets */,
				AC11A1A825110EA4004527BD /* LaunchScreen.storyboard */,
				AC11A1AB25110EA4004527BD /* Info.plist */,
			);
			path = Calculator;
			sourceTree = "<group>";
		};
		AC11A1B325110EA4004527BD /* CalculatorTests */ = {
			isa = PBXGroup;
			children = (
				AC11A1B425110EA4004527BD /* CalculatorTests.swift */,
				AC11A1B625110EA4004527BD /* Info.plist */,
			);
			path = CalculatorTests;
			sourceTree = "<group>";
		};
		AC11A1BE25110EA4004527BD /* CalculatorUITests */ = {
			isa = PBXGroup;
			children = (
				AC11A1BF25110EA4004527BD /* CalculatorUITests.swift */,
				AC11A1C125110EA4004527BD /* Info.plist */,
			);
			path = CalculatorUITests;
			sourceTree = "<group>";
		};
/* End PBXGroup section */

/* Begin PBXNativeTarget section */
		AC11A19925110EA3004527BD /* Calculator */ = {
			isa = PBXNativeTarget;
			buildConfigurationList = AC11A1C425110EA4004527BD /* Build configuration list for PBXNativeTarget "Calculator" */;
			buildPhases = (
				AC11A19625110EA3004527BD /* Sources */,
				AC11A19725110EA3004527BD /* Frameworks */,
				AC11A19825110EA3004527BD /* Resources */,
			);
			buildRules = (
			);
			dependencies = (
			);
			name = Calculator;
			productName = Calculator;
			productReference = AC11A19A25110EA3004527BD /* Calculator.app */;
			productType = "com.apple.product-type.application";
		};
		AC11A1AF25110EA4004527BD /* CalculatorTests */ = {
			isa = PBXNativeTarget;
			buildConfigurationList = AC11A1C725110EA4004527BD /* Build configuration list for PBXNativeTarget "CalculatorTests" */;
			buildPhases = (
				AC11A1AC25110EA4004527BD /* Sources */,
				AC11A1AD25110EA4004527BD /* Frameworks */,
				AC11A1AE25110EA4004527BD /* Resources */,
			);
			buildRules = (
			);
			dependencies = (
				AC11A1B225110EA4004527BD /* PBXTargetDependency */,
			);
			name = CalculatorTests;
			productName = CalculatorTests;
			productReference = AC11A1B025110EA4004527BD /* CalculatorTests.xctest */;
			productType = "com.apple.product-type.bundle.unit-test";
		};
		AC11A1BA25110EA4004527BD /* CalculatorUITests */ = {
			isa = PBXNativeTarget;
			buildConfigurationList = AC11A1CA25110EA4004527BD /* Build configuration list for PBXNativeTarget "CalculatorUITests" */;
			buildPhases = (
				AC11A1B725110EA4004527BD /* Sources */,
				AC11A1B825110EA4004527BD /* Frameworks */,
				AC11A1B925110EA4004527BD /* Resources */,
			);
			buildRules = (
			);
			dependencies = (
				AC11A1BD25110EA4004527BD /* PBXTargetDependency */,
			);
			name = CalculatorUITests;
			productName = CalculatorUITests;
			productReference = AC11A1BB25110EA4004527BD /* CalculatorUITests.xctest */;
			productType = "com.apple.product-type.bundle.ui-testing";
		};
/* End PBXNativeTarget section */

/* Begin PBXProject section */
		AC11A19225110EA3004527BD /* Project object */ = {
			isa = PBXProject;
			attributes = {
				LastSwiftUpdateCheck = 1170;
				LastUpgradeCheck = 1170;
				ORGANIZATIONNAME = "Артём Бутырин";
				TargetAttributes = {
					AC11A19925110EA3004527BD = {
						CreatedOnToolsVersion = 11.7;
					};
					AC11A1AF25110EA4004527BD = {
						CreatedOnToolsVersion = 11.7;
						TestTargetID = AC11A19925110EA3004527BD;
					};
					AC11A1BA25110EA4004527BD = {
						CreatedOnToolsVersion = 11.7;
						TestTargetID = AC11A19925110EA3004527BD;
					};
				};
			};
			buildConfigurationList = AC11A19525110EA3004527BD /* Build configuration list for PBXProject "Calculator" */;
			compatibilityVersion = "Xcode 9.3";
			developmentRegion = en;
			hasScannedForEncodings = 0;
			knownRegions = (
				en,
				Base,
			);
			mainGroup = AC11A19125110EA3004527BD;
			productRefGroup = AC11A19B25110EA3004527BD /* Products */;
			projectDirPath = "";
			projectRoot = "";
			targets = (
				AC11A19925110EA3004527BD /* Calculator */,
				AC11A1AF25110EA4004527BD /* CalculatorTests */,
				AC11A1BA25110EA4004527BD /* CalculatorUITests */,
			);
		};
/* End PBXProject section */

/* Begin PBXResourcesBuildPhase section */
		AC11A19825110EA3004527BD /* Resources */ = {
			isa = PBXResourcesBuildPhase;
			buildActionMask = 2147483647;
			files = (
				AC11A1AA25110EA4004527BD /* LaunchScreen.storyboard in Resources */,
				AC11A1A725110EA4004527BD /* Assets.xcassets in Resources */,
				AC11A1A525110EA3004527BD /* Main.storyboard in Resources */,
			);
			runOnlyForDeploymentPostprocessing = 0;
		};
		AC11A1AE25110EA4004527BD /* Resources */ = {
			isa = PBXResourcesBuildPhase;
			buildActionMask = 2147483647;
			files = (
			);
			runOnlyForDeploymentPostprocessing = 0;
		};
		AC11A1B925110EA4004527BD /* Resources */ = {
			isa = PBXResourcesBuildPhase;
			buildActionMask = 2147483647;
			files = (
			);
			runOnlyForDeploymentPostprocessing = 0;
		};
/* End PBXResourcesBuildPhase section */

/* Begin PBXSourcesBuildPhase section */
		AC11A19625110EA3004527BD /* Sources */ = {
			isa = PBXSourcesBuildPhase;
			buildActionMask = 2147483647;
			files = (
				AC11A1A225110EA3004527BD /* ViewController.swift in Sources */,
				AC11A19E25110EA3004527BD /* AppDelegate.swift in Sources */,
				AC11A1A025110EA3004527BD /* SceneDelegate.swift in Sources */,
				2411F6EA252CCB2A00586406 /* Operation.swift in Sources */,
			);
			runOnlyForDeploymentPostprocessing = 0;
		};
		AC11A1AC25110EA4004527BD /* Sources */ = {
			isa = PBXSourcesBuildPhase;
			buildActionMask = 2147483647;
			files = (
				AC11A1B525110EA4004527BD /* CalculatorTests.swift in Sources */,
			);
			runOnlyForDeploymentPostprocessing = 0;
		};
		AC11A1B725110EA4004527BD /* Sources */ = {
			isa = PBXSourcesBuildPhase;
			buildActionMask = 2147483647;
			files = (
				AC11A1C025110EA4004527BD /* CalculatorUITests.swift in Sources */,
			);
			runOnlyForDeploymentPostprocessing = 0;
		};
/* End PBXSourcesBuildPhase section */

/* Begin PBXTargetDependency section */
		AC11A1B225110EA4004527BD /* PBXTargetDependency */ = {
			isa = PBXTargetDependency;
			target = AC11A19925110EA3004527BD /* Calculator */;
			targetProxy = AC11A1B125110EA4004527BD /* PBXContainerItemProxy */;
		};
		AC11A1BD25110EA4004527BD /* PBXTargetDependency */ = {
			isa = PBXTargetDependency;
			target = AC11A19925110EA3004527BD /* Calculator */;
			targetProxy = AC11A1BC25110EA4004527BD /* PBXContainerItemProxy */;
		};
/* End PBXTargetDependency section */

/* Begin PBXVariantGroup section */
		AC11A1A325110EA3004527BD /* Main.storyboard */ = {
			isa = PBXVariantGroup;
			children = (
				AC11A1A425110EA3004527BD /* Base */,
			);
			name = Main.storyboard;
			sourceTree = "<group>";
		};
		AC11A1A825110EA4004527BD /* LaunchScreen.storyboard */ = {
			isa = PBXVariantGroup;
			children = (
				AC11A1A925110EA4004527BD /* Base */,
			);
			name = LaunchScreen.storyboard;
			sourceTree = "<group>";
		};
/* End PBXVariantGroup section */

/* Begin XCBuildConfiguration section */
		AC11A1C225110EA4004527BD /* Debug */ = {
			isa = XCBuildConfiguration;
			buildSettings = {
				ALWAYS_SEARCH_USER_PATHS = NO;
				CLANG_ANALYZER_NONNULL = YES;
				CLANG_ANALYZER_NUMBER_OBJECT_CONVERSION = YES_AGGRESSIVE;
				CLANG_CXX_LANGUAGE_STANDARD = "gnu++14";
				CLANG_CXX_LIBRARY = "libc++";
				CLANG_ENABLE_MODULES = YES;
				CLANG_ENABLE_OBJC_ARC = YES;
				CLANG_ENABLE_OBJC_WEAK = YES;
				CLANG_WARN_BLOCK_CAPTURE_AUTORELEASING = YES;
				CLANG_WARN_BOOL_CONVERSION = YES;
				CLANG_WARN_COMMA = YES;
				CLANG_WARN_CONSTANT_CONVERSION = YES;
				CLANG_WARN_DEPRECATED_OBJC_IMPLEMENTATIONS = YES;
				CLANG_WARN_DIRECT_OBJC_ISA_USAGE = YES_ERROR;
				CLANG_WARN_DOCUMENTATION_COMMENTS = YES;
				CLANG_WARN_EMPTY_BODY = YES;
				CLANG_WARN_ENUM_CONVERSION = YES;
				CLANG_WARN_INFINITE_RECURSION = YES;
				CLANG_WARN_INT_CONVERSION = YES;
				CLANG_WARN_NON_LITERAL_NULL_CONVERSION = YES;
				CLANG_WARN_OBJC_IMPLICIT_RETAIN_SELF = YES;
				CLANG_WARN_OBJC_LITERAL_CONVERSION = YES;
				CLANG_WARN_OBJC_ROOT_CLASS = YES_ERROR;
				CLANG_WARN_RANGE_LOOP_ANALYSIS = YES;
				CLANG_WARN_STRICT_PROTOTYPES = YES;
				CLANG_WARN_SUSPICIOUS_MOVE = YES;
				CLANG_WARN_UNGUARDED_AVAILABILITY = YES_AGGRESSIVE;
				CLANG_WARN_UNREACHABLE_CODE = YES;
				CLANG_WARN__DUPLICATE_METHOD_MATCH = YES;
				COPY_PHASE_STRIP = NO;
				DEBUG_INFORMATION_FORMAT = dwarf;
				ENABLE_STRICT_OBJC_MSGSEND = YES;
				ENABLE_TESTABILITY = YES;
				GCC_C_LANGUAGE_STANDARD = gnu11;
				GCC_DYNAMIC_NO_PIC = NO;
				GCC_NO_COMMON_BLOCKS = YES;
				GCC_OPTIMIZATION_LEVEL = 0;
				GCC_PREPROCESSOR_DEFINITIONS = (
					"DEBUG=1",
					"$(inherited)",
				);
				GCC_WARN_64_TO_32_BIT_CONVERSION = YES;
				GCC_WARN_ABOUT_RETURN_TYPE = YES_ERROR;
				GCC_WARN_UNDECLARED_SELECTOR = YES;
				GCC_WARN_UNINITIALIZED_AUTOS = YES_AGGRESSIVE;
				GCC_WARN_UNUSED_FUNCTION = YES;
				GCC_WARN_UNUSED_VARIABLE = YES;
				IPHONEOS_DEPLOYMENT_TARGET = 13.7;
				MTL_ENABLE_DEBUG_INFO = INCLUDE_SOURCE;
				MTL_FAST_MATH = YES;
				ONLY_ACTIVE_ARCH = YES;
				SDKROOT = iphoneos;
				SWIFT_ACTIVE_COMPILATION_CONDITIONS = DEBUG;
				SWIFT_OPTIMIZATION_LEVEL = "-Onone";
			};
			name = Debug;
		};
		AC11A1C325110EA4004527BD /* Release */ = {
			isa = XCBuildConfiguration;
			buildSettings = {
				ALWAYS_SEARCH_USER_PATHS = NO;
				CLANG_ANALYZER_NONNULL = YES;
				CLANG_ANALYZER_NUMBER_OBJECT_CONVERSION = YES_AGGRESSIVE;
				CLANG_CXX_LANGUAGE_STANDARD = "gnu++14";
				CLANG_CXX_LIBRARY = "libc++";
				CLANG_ENABLE_MODULES = YES;
				CLANG_ENABLE_OBJC_ARC = YES;
				CLANG_ENABLE_OBJC_WEAK = YES;
				CLANG_WARN_BLOCK_CAPTURE_AUTORELEASING = YES;
				CLANG_WARN_BOOL_CONVERSION = YES;
				CLANG_WARN_COMMA = YES;
				CLANG_WARN_CONSTANT_CONVERSION = YES;
				CLANG_WARN_DEPRECATED_OBJC_IMPLEMENTATIONS = YES;
				CLANG_WARN_DIRECT_OBJC_ISA_USAGE = YES_ERROR;
				CLANG_WARN_DOCUMENTATION_COMMENTS = YES;
				CLANG_WARN_EMPTY_BODY = YES;
				CLANG_WARN_ENUM_CONVERSION = YES;
				CLANG_WARN_INFINITE_RECURSION = YES;
				CLANG_WARN_INT_CONVERSION = YES;
				CLANG_WARN_NON_LITERAL_NULL_CONVERSION = YES;
				CLANG_WARN_OBJC_IMPLICIT_RETAIN_SELF = YES;
				CLANG_WARN_OBJC_LITERAL_CONVERSION = YES;
				CLANG_WARN_OBJC_ROOT_CLASS = YES_ERROR;
				CLANG_WARN_RANGE_LOOP_ANALYSIS = YES;
				CLANG_WARN_STRICT_PROTOTYPES = YES;
				CLANG_WARN_SUSPICIOUS_MOVE = YES;
				CLANG_WARN_UNGUARDED_AVAILABILITY = YES_AGGRESSIVE;
				CLANG_WARN_UNREACHABLE_CODE = YES;
				CLANG_WARN__DUPLICATE_METHOD_MATCH = YES;
				COPY_PHASE_STRIP = NO;
				DEBUG_INFORMATION_FORMAT = "dwarf-with-dsym";
				ENABLE_NS_ASSERTIONS = NO;
				ENABLE_STRICT_OBJC_MSGSEND = YES;
				GCC_C_LANGUAGE_STANDARD = gnu11;
				GCC_NO_COMMON_BLOCKS = YES;
				GCC_WARN_64_TO_32_BIT_CONVERSION = YES;
				GCC_WARN_ABOUT_RETURN_TYPE = YES_ERROR;
				GCC_WARN_UNDECLARED_SELECTOR = YES;
				GCC_WARN_UNINITIALIZED_AUTOS = YES_AGGRESSIVE;
				GCC_WARN_UNUSED_FUNCTION = YES;
				GCC_WARN_UNUSED_VARIABLE = YES;
				IPHONEOS_DEPLOYMENT_TARGET = 13.7;
				MTL_ENABLE_DEBUG_INFO = NO;
				MTL_FAST_MATH = YES;
				SDKROOT = iphoneos;
				SWIFT_COMPILATION_MODE = wholemodule;
				SWIFT_OPTIMIZATION_LEVEL = "-O";
				VALIDATE_PRODUCT = YES;
			};
			name = Release;
		};
		AC11A1C525110EA4004527BD /* Debug */ = {
			isa = XCBuildConfiguration;
			buildSettings = {
				ASSETCATALOG_COMPILER_APPICON_NAME = AppIcon;
				CODE_SIGN_STYLE = Automatic;
				INFOPLIST_FILE = Calculator/Info.plist;
				LD_RUNPATH_SEARCH_PATHS = (
					"$(inherited)",
					"@executable_path/Frameworks",
				);
				PRODUCT_BUNDLE_IDENTIFIER = angilex.Calculator;
				PRODUCT_NAME = "$(TARGET_NAME)";
				SWIFT_VERSION = 5.0;
				TARGETED_DEVICE_FAMILY = "1,2";
			};
			name = Debug;
		};
		AC11A1C625110EA4004527BD /* Release */ = {
			isa = XCBuildConfiguration;
			buildSettings = {
				ASSETCATALOG_COMPILER_APPICON_NAME = AppIcon;
				CODE_SIGN_STYLE = Automatic;
				INFOPLIST_FILE = Calculator/Info.plist;
				LD_RUNPATH_SEARCH_PATHS = (
					"$(inherited)",
					"@executable_path/Frameworks",
				);
				PRODUCT_BUNDLE_IDENTIFIER = angilex.Calculator;
				PRODUCT_NAME = "$(TARGET_NAME)";
				SWIFT_VERSION = 5.0;
				TARGETED_DEVICE_FAMILY = "1,2";
			};
			name = Release;
		};
		AC11A1C825110EA4004527BD /* Debug */ = {
			isa = XCBuildConfiguration;
			buildSettings = {
				ALWAYS_EMBED_SWIFT_STANDARD_LIBRARIES = YES;
				BUNDLE_LOADER = "$(TEST_HOST)";
				CODE_SIGN_STYLE = Automatic;
				INFOPLIST_FILE = CalculatorTests/Info.plist;
				IPHONEOS_DEPLOYMENT_TARGET = 13.7;
				LD_RUNPATH_SEARCH_PATHS = (
					"$(inherited)",
					"@executable_path/Frameworks",
					"@loader_path/Frameworks",
				);
				PRODUCT_BUNDLE_IDENTIFIER = angilex.CalculatorTests;
				PRODUCT_NAME = "$(TARGET_NAME)";
				SWIFT_VERSION = 5.0;
				TARGETED_DEVICE_FAMILY = "1,2";
				TEST_HOST = "$(BUILT_PRODUCTS_DIR)/Calculator.app/Calculator";
			};
			name = Debug;
		};
		AC11A1C925110EA4004527BD /* Release */ = {
			isa = XCBuildConfiguration;
			buildSettings = {
				ALWAYS_EMBED_SWIFT_STANDARD_LIBRARIES = YES;
				BUNDLE_LOADER = "$(TEST_HOST)";
				CODE_SIGN_STYLE = Automatic;
				INFOPLIST_FILE = CalculatorTests/Info.plist;
				IPHONEOS_DEPLOYMENT_TARGET = 13.7;
				LD_RUNPATH_SEARCH_PATHS = (
					"$(inherited)",
					"@executable_path/Frameworks",
					"@loader_path/Frameworks",
				);
				PRODUCT_BUNDLE_IDENTIFIER = angilex.CalculatorTests;
				PRODUCT_NAME = "$(TARGET_NAME)";
				SWIFT_VERSION = 5.0;
				TARGETED_DEVICE_FAMILY = "1,2";
				TEST_HOST = "$(BUILT_PRODUCTS_DIR)/Calculator.app/Calculator";
			};
			name = Release;
		};
		AC11A1CB25110EA4004527BD /* Debug */ = {
			isa = XCBuildConfiguration;
			buildSettings = {
				ALWAYS_EMBED_SWIFT_STANDARD_LIBRARIES = YES;
				CODE_SIGN_STYLE = Automatic;
				INFOPLIST_FILE = CalculatorUITests/Info.plist;
				LD_RUNPATH_SEARCH_PATHS = (
					"$(inherited)",
					"@executable_path/Frameworks",
					"@loader_path/Frameworks",
				);
				PRODUCT_BUNDLE_IDENTIFIER = angilex.CalculatorUITests;
				PRODUCT_NAME = "$(TARGET_NAME)";
				SWIFT_VERSION = 5.0;
				TARGETED_DEVICE_FAMILY = "1,2";
				TEST_TARGET_NAME = Calculator;
			};
			name = Debug;
		};
		AC11A1CC25110EA4004527BD /* Release */ = {
			isa = XCBuildConfiguration;
			buildSettings = {
				ALWAYS_EMBED_SWIFT_STANDARD_LIBRARIES = YES;
				CODE_SIGN_STYLE = Automatic;
				INFOPLIST_FILE = CalculatorUITests/Info.plist;
				LD_RUNPATH_SEARCH_PATHS = (
					"$(inherited)",
					"@executable_path/Frameworks",
					"@loader_path/Frameworks",
				);
				PRODUCT_BUNDLE_IDENTIFIER = angilex.CalculatorUITests;
				PRODUCT_NAME = "$(TARGET_NAME)";
				SWIFT_VERSION = 5.0;
				TARGETED_DEVICE_FAMILY = "1,2";
				TEST_TARGET_NAME = Calculator;
			};
			name = Release;
		};
/* End XCBuildConfiguration section */

/* Begin XCConfigurationList section */
		AC11A19525110EA3004527BD /* Build configuration list for PBXProject "Calculator" */ = {
			isa = XCConfigurationList;
			buildConfigurations = (
				AC11A1C225110EA4004527BD /* Debug */,
				AC11A1C325110EA4004527BD /* Release */,
			);
			defaultConfigurationIsVisible = 0;
			defaultConfigurationName = Release;
		};
		AC11A1C425110EA4004527BD /* Build configuration list for PBXNativeTarget "Calculator" */ = {
			isa = XCConfigurationList;
			buildConfigurations = (
				AC11A1C525110EA4004527BD /* Debug */,
				AC11A1C625110EA4004527BD /* Release */,
			);
			defaultConfigurationIsVisible = 0;
			defaultConfigurationName = Release;
		};
		AC11A1C725110EA4004527BD /* Build configuration list for PBXNativeTarget "CalculatorTests" */ = {
			isa = XCConfigurationList;
			buildConfigurations = (
				AC11A1C825110EA4004527BD /* Debug */,
				AC11A1C925110EA4004527BD /* Release */,
			);
			defaultConfigurationIsVisible = 0;
			defaultConfigurationName = Release;
		};
		AC11A1CA25110EA4004527BD /* Build configuration list for PBXNativeTarget "CalculatorUITests" */ = {
			isa = XCConfigurationList;
			buildConfigurations = (
				AC11A1CB25110EA4004527BD /* Debug */,
				AC11A1CC25110EA4004527BD /* Release */,
			);
			defaultConfigurationIsVisible = 0;
			defaultConfigurationName = Release;
		};
/* End XCConfigurationList section */
	};
	rootObject = AC11A19225110EA3004527BD /* Project object */;
}
